
Microsoft Visual Studio Solution File, Format Version 12.00
# Visual Studio Version 17
VisualStudioVersion = 17.3.32825.248
MinimumVisualStudioVersion = 10.0.40219.1
Project("{FAE04EC0-301F-11D3-BF4B-00C04F79EFBC}") = "Task_wpf_v2", "Task_wpf_v2.csproj", "{539CE35D-6929-46CA-A640-79FD7196A70A}"
EndProject
Global
	GlobalSection(SolutionConfigurationPlatforms) = preSolution
		Debug|Any CPU = Debug|Any CPU
		Release|Any CPU = Release|Any CPU
	EndGlobalSection
	GlobalSection(ProjectConfigurationPlatforms) = postSolution
		{539CE35D-6929-46CA-A640-79FD7196A70A}.Debug|Any CPU.ActiveCfg = Debug|Any CPU
		{539CE35D-6929-46CA-A640-79FD7196A70A}.Debug|Any CPU.Build.0 = Debug|Any CPU
		{539CE35D-6929-46CA-A640-79FD7196A70A}.Release|Any CPU.ActiveCfg = Release|Any CPU
		{539CE35D-6929-46CA-A640-79FD7196A70A}.Release|Any CPU.Build.0 = Release|Any CPU
	EndGlobalSection
	GlobalSection(SolutionProperties) = preSolution
		HideSolutionNode = FALSE
	EndGlobalSection
	GlobalSection(ExtensibilityGlobals) = postSolution
		SolutionGuid = {F9C3FBEB-A58E-434D-A748-39A3273A1408}
	EndGlobalSection
EndGlobal
